
Microsoft Visual Studio Solution File, Format Version 12.00
# Visual Studio 15
VisualStudioVersion = 15.0.28010.2036
MinimumVisualStudioVersion = 10.0.40219.1
Project("{FAE04EC0-301F-11D3-BF4B-00C04F79EFBC}") = "ShowDesktopPerMonitor", "ShowDesktopPerMonitor\ShowDesktopPerMonitor.csproj", "{655EF935-F0A6-46BC-8278-6ACB9FC57698}"
EndProject
Project("{FAE04EC0-301F-11D3-BF4B-00C04F79EFBC}") = "Gma.UserActivityMonitor", "Gma.UserActivityMonitor\Gma.UserActivityMonitor.csproj", "{F52AA97E-180A-40ED-8F2B-09080171D6C7}"
EndProject
Global
	GlobalSection(SolutionConfigurationPlatforms) = preSolution
		Debug|Any CPU = Debug|Any CPU
		Release|Any CPU = Release|Any CPU
	EndGlobalSection
	GlobalSection(ProjectConfigurationPlatforms) = postSolution
		{655EF935-F0A6-46BC-8278-6ACB9FC57698}.Debug|Any CPU.ActiveCfg = Debug|Any CPU
		{655EF935-F0A6-46BC-8278-6ACB9FC57698}.Debug|Any CPU.Build.0 = Debug|Any CPU
		{655EF935-F0A6-46BC-8278-6ACB9FC57698}.Release|Any CPU.ActiveCfg = Release|Any CPU
		{655EF935-F0A6-46BC-8278-6ACB9FC57698}.Release|Any CPU.Build.0 = Release|Any CPU
		{F52AA97E-180A-40ED-8F2B-09080171D6C7}.Debug|Any CPU.ActiveCfg = Debug|Any CPU
		{F52AA97E-180A-40ED-8F2B-09080171D6C7}.Debug|Any CPU.Build.0 = Debug|Any CPU
		{F52AA97E-180A-40ED-8F2B-09080171D6C7}.Release|Any CPU.ActiveCfg = Release|Any CPU
		{F52AA97E-180A-40ED-8F2B-09080171D6C7}.Release|Any CPU.Build.0 = Release|Any CPU
	EndGlobalSection
	GlobalSection(SolutionProperties) = preSolution
		HideSolutionNode = FALSE
	EndGlobalSection
	GlobalSection(ExtensibilityGlobals) = postSolution
		SolutionGuid = {46016F83-FAAF-4C73-9867-9158DEB9624E}
	EndGlobalSection
EndGlobal
